
Microsoft Visual Studio Solution File, Format Version 12.00
# Visual Studio 2013
VisualStudioVersion = 12.0.31101.0
MinimumVisualStudioVersion = 10.0.40219.1
Project("{FAE04EC0-301F-11D3-BF4B-00C04F79EFBC}") = "Clippy", "Clippy\Clippy.csproj", "{06FD5109-89D8-4954-9E4C-55EC4BD84B0C}"
EndProject
Project("{2150E333-8FDC-42A3-9474-1A3956D46DE8}") = "Solution Items", "Solution Items", "{679146F6-9F69-4694-9ABA-5CD1B82BECD6}"
	ProjectSection(SolutionItems) = preProject
		readme.md = readme.md
	EndProjectSection
EndProject
Global
	GlobalSection(SolutionConfigurationPlatforms) = preSolution
		Debug|Any CPU = Debug|Any CPU
		Release|Any CPU = Release|Any CPU
	EndGlobalSection
	GlobalSection(ProjectConfigurationPlatforms) = postSolution
		{06FD5109-89D8-4954-9E4C-55EC4BD84B0C}.Debug|Any CPU.ActiveCfg = Debug|Any CPU
		{06FD5109-89D8-4954-9E4C-55EC4BD84B0C}.Debug|Any CPU.Build.0 = Debug|Any CPU
		{06FD5109-89D8-4954-9E4C-55EC4BD84B0C}.Release|Any CPU.ActiveCfg = Release|Any CPU
		{06FD5109-89D8-4954-9E4C-55EC4BD84B0C}.Release|Any CPU.Build.0 = Release|Any CPU
	EndGlobalSection
	GlobalSection(SolutionProperties) = preSolution
		HideSolutionNode = FALSE
	EndGlobalSection
EndGlobal
